
Microsoft Visual Studio Solution File, Format Version 12.00
# Visual Studio Version 16
VisualStudioVersion = 16.0.29709.97
MinimumVisualStudioVersion = 10.0.40219.1
Project("{FAE04EC0-301F-11D3-BF4B-00C04F79EFBC}") = "GSRAssignment1", "GSRAssignment1\GSRAssignment1.csproj", "{85C3A388-D56D-4016-B8A4-C6DE695D30FC}"
EndProject
Global
	GlobalSection(SolutionConfigurationPlatforms) = preSolution
		Debug|Any CPU = Debug|Any CPU
		Release|Any CPU = Release|Any CPU
	EndGlobalSection
	GlobalSection(ProjectConfigurationPlatforms) = postSolution
		{85C3A388-D56D-4016-B8A4-C6DE695D30FC}.Debug|Any CPU.ActiveCfg = Debug|Any CPU
		{85C3A388-D56D-4016-B8A4-C6DE695D30FC}.Debug|Any CPU.Build.0 = Debug|Any CPU
		{85C3A388-D56D-4016-B8A4-C6DE695D30FC}.Release|Any CPU.ActiveCfg = Release|Any CPU
		{85C3A388-D56D-4016-B8A4-C6DE695D30FC}.Release|Any CPU.Build.0 = Release|Any CPU
	EndGlobalSection
	GlobalSection(SolutionProperties) = preSolution
		HideSolutionNode = FALSE
	EndGlobalSection
	GlobalSection(ExtensibilityGlobals) = postSolution
		SolutionGuid = {55EAE271-ED02-430A-A2E0-B2BDF11EAC60}
	EndGlobalSection
EndGlobal
